
Microsoft Visual Studio Solution File, Format Version 12.00
# Visual Studio 15
Project("{FAE04EC0-301F-11D3-BF4B-00C04F79EFBC}") = "Ink-Libraries", "Ink-Libraries.csproj", "{99690176-6181-E80E-C1FA-56BB0B0E924F}"
EndProject
Project("{FAE04EC0-301F-11D3-BF4B-00C04F79EFBC}") = "InkEditor", "InkEditor.csproj", "{DCEF751C-F5FC-306D-911C-142657550F43}"
EndProject
Project("{FAE04EC0-301F-11D3-BF4B-00C04F79EFBC}") = "Assembly-CSharp", "Assembly-CSharp.csproj", "{5253ACC8-E33E-12EF-95D5-3AD996ECF96E}"
EndProject
Project("{FAE04EC0-301F-11D3-BF4B-00C04F79EFBC}") = "Assembly-CSharp-Editor", "Assembly-CSharp-Editor.csproj", "{844A3BA1-4B7B-1B8B-4416-6014646C4732}"
EndProject
Global
	GlobalSection(SolutionConfigurationPlatforms) = preSolution
		Debug|Any CPU = Debug|Any CPU
		Release|Any CPU = Release|Any CPU
	EndGlobalSection
	GlobalSection(ProjectConfigurationPlatforms) = postSolution
		{99690176-6181-E80E-C1FA-56BB0B0E924F}.Debug|Any CPU.ActiveCfg = Debug|Any CPU
		{99690176-6181-E80E-C1FA-56BB0B0E924F}.Debug|Any CPU.Build.0 = Debug|Any CPU
		{99690176-6181-E80E-C1FA-56BB0B0E924F}.Release|Any CPU.ActiveCfg = Release|Any CPU
		{99690176-6181-E80E-C1FA-56BB0B0E924F}.Release|Any CPU.Build.0 = Release|Any CPU
		{DCEF751C-F5FC-306D-911C-142657550F43}.Debug|Any CPU.ActiveCfg = Debug|Any CPU
		{DCEF751C-F5FC-306D-911C-142657550F43}.Debug|Any CPU.Build.0 = Debug|Any CPU
		{DCEF751C-F5FC-306D-911C-142657550F43}.Release|Any CPU.ActiveCfg = Release|Any CPU
		{DCEF751C-F5FC-306D-911C-142657550F43}.Release|Any CPU.Build.0 = Release|Any CPU
		{5253ACC8-E33E-12EF-95D5-3AD996ECF96E}.Debug|Any CPU.ActiveCfg = Debug|Any CPU
		{5253ACC8-E33E-12EF-95D5-3AD996ECF96E}.Debug|Any CPU.Build.0 = Debug|Any CPU
		{5253ACC8-E33E-12EF-95D5-3AD996ECF96E}.Release|Any CPU.ActiveCfg = Release|Any CPU
		{5253ACC8-E33E-12EF-95D5-3AD996ECF96E}.Release|Any CPU.Build.0 = Release|Any CPU
		{844A3BA1-4B7B-1B8B-4416-6014646C4732}.Debug|Any CPU.ActiveCfg = Debug|Any CPU
		{844A3BA1-4B7B-1B8B-4416-6014646C4732}.Debug|Any CPU.Build.0 = Debug|Any CPU
		{844A3BA1-4B7B-1B8B-4416-6014646C4732}.Release|Any CPU.ActiveCfg = Release|Any CPU
		{844A3BA1-4B7B-1B8B-4416-6014646C4732}.Release|Any CPU.Build.0 = Release|Any CPU
	EndGlobalSection
	GlobalSection(SolutionProperties) = preSolution
		HideSolutionNode = FALSE
	EndGlobalSection
EndGlobal
